
Microsoft Visual Studio Solution File, Format Version 12.00
# Visual Studio Version 17
VisualStudioVersion = 17.5.002.0
MinimumVisualStudioVersion = 10.0.40219.1
Project("{9A19103F-16F7-4668-BE54-9A1E7A4F7556}") = "gawo", "gawo.csproj", "{D13D62FD-E1DA-4A06-A679-EE0A9195C6CF}"
EndProject
Global
	GlobalSection(SolutionConfigurationPlatforms) = preSolution
		Debug|Any CPU = Debug|Any CPU
		Release|Any CPU = Release|Any CPU
	EndGlobalSection
	GlobalSection(ProjectConfigurationPlatforms) = postSolution
		{D13D62FD-E1DA-4A06-A679-EE0A9195C6CF}.Debug|Any CPU.ActiveCfg = Debug|Any CPU
		{D13D62FD-E1DA-4A06-A679-EE0A9195C6CF}.Debug|Any CPU.Build.0 = Debug|Any CPU
		{D13D62FD-E1DA-4A06-A679-EE0A9195C6CF}.Release|Any CPU.ActiveCfg = Release|Any CPU
		{D13D62FD-E1DA-4A06-A679-EE0A9195C6CF}.Release|Any CPU.Build.0 = Release|Any CPU
	EndGlobalSection
	GlobalSection(SolutionProperties) = preSolution
		HideSolutionNode = FALSE
	EndGlobalSection
	GlobalSection(ExtensibilityGlobals) = postSolution
		SolutionGuid = {3303A598-3011-49DD-8B71-4083316352F2}
	EndGlobalSection
EndGlobal
